
Microsoft Visual Studio Solution File, Format Version 12.00
# Visual Studio Version 16
VisualStudioVersion = 16.0.28516.95
MinimumVisualStudioVersion = 10.0.40219.1
Project("{9A19103F-16F7-4668-BE54-9A1E7A4F7556}") = "WebApplication", "WebApplication\WebApplication.csproj", "{2C287562-47A4-49F4-96F6-382AE7E136FA}"
EndProject
Global
	GlobalSection(SolutionConfigurationPlatforms) = preSolution
		Debug|Any CPU = Debug|Any CPU
		Release|Any CPU = Release|Any CPU
	EndGlobalSection
	GlobalSection(ProjectConfigurationPlatforms) = postSolution
		{2C287562-47A4-49F4-96F6-382AE7E136FA}.Debug|Any CPU.ActiveCfg = Debug|Any CPU
		{2C287562-47A4-49F4-96F6-382AE7E136FA}.Debug|Any CPU.Build.0 = Debug|Any CPU
		{2C287562-47A4-49F4-96F6-382AE7E136FA}.Release|Any CPU.ActiveCfg = Release|Any CPU
		{2C287562-47A4-49F4-96F6-382AE7E136FA}.Release|Any CPU.Build.0 = Release|Any CPU
	EndGlobalSection
	GlobalSection(SolutionProperties) = preSolution
		HideSolutionNode = FALSE
	EndGlobalSection
	GlobalSection(ExtensibilityGlobals) = postSolution
		SolutionGuid = {D44693C1-3296-4A7A-8243-5BAA67746F80}
	EndGlobalSection
EndGlobal
